
Microsoft Visual Studio Solution File, Format Version 12.00
# Visual Studio Version 17
VisualStudioVersion = 17.8.34322.80
MinimumVisualStudioVersion = 10.0.40219.1
Project("{FAE04EC0-301F-11D3-BF4B-00C04F79EFBC}") = "Seminar1", "Seminar1.csproj", "{5F4F55ED-FAF3-4A9A-970B-94C77FCDDC53}"
EndProject
Global
	GlobalSection(SolutionConfigurationPlatforms) = preSolution
		Debug|Any CPU = Debug|Any CPU
		Release|Any CPU = Release|Any CPU
	EndGlobalSection
	GlobalSection(ProjectConfigurationPlatforms) = postSolution
		{5F4F55ED-FAF3-4A9A-970B-94C77FCDDC53}.Debug|Any CPU.ActiveCfg = Debug|Any CPU
		{5F4F55ED-FAF3-4A9A-970B-94C77FCDDC53}.Debug|Any CPU.Build.0 = Debug|Any CPU
		{5F4F55ED-FAF3-4A9A-970B-94C77FCDDC53}.Release|Any CPU.ActiveCfg = Release|Any CPU
		{5F4F55ED-FAF3-4A9A-970B-94C77FCDDC53}.Release|Any CPU.Build.0 = Release|Any CPU
	EndGlobalSection
	GlobalSection(SolutionProperties) = preSolution
		HideSolutionNode = FALSE
	EndGlobalSection
	GlobalSection(ExtensibilityGlobals) = postSolution
		SolutionGuid = {B9E4D546-9A4C-43E7-B952-AFF1AC776773}
	EndGlobalSection
EndGlobal
