
Microsoft Visual Studio Solution File, Format Version 12.00
# Visual Studio Version 17
VisualStudioVersion = 17.8.34322.80
MinimumVisualStudioVersion = 10.0.40219.1
Project("{FAE04EC0-301F-11D3-BF4B-00C04F79EFBC}") = "Seminar2", "Seminar2.csproj", "{DC6F9A8D-FB1C-4102-AE1F-148FD067ABB9}"
EndProject
Global
	GlobalSection(SolutionConfigurationPlatforms) = preSolution
		Debug|Any CPU = Debug|Any CPU
		Release|Any CPU = Release|Any CPU
	EndGlobalSection
	GlobalSection(ProjectConfigurationPlatforms) = postSolution
		{DC6F9A8D-FB1C-4102-AE1F-148FD067ABB9}.Debug|Any CPU.ActiveCfg = Debug|Any CPU
		{DC6F9A8D-FB1C-4102-AE1F-148FD067ABB9}.Debug|Any CPU.Build.0 = Debug|Any CPU
		{DC6F9A8D-FB1C-4102-AE1F-148FD067ABB9}.Release|Any CPU.ActiveCfg = Release|Any CPU
		{DC6F9A8D-FB1C-4102-AE1F-148FD067ABB9}.Release|Any CPU.Build.0 = Release|Any CPU
	EndGlobalSection
	GlobalSection(SolutionProperties) = preSolution
		HideSolutionNode = FALSE
	EndGlobalSection
	GlobalSection(ExtensibilityGlobals) = postSolution
		SolutionGuid = {94AD143B-56CA-4ABD-B0F6-1FAAD0C429CF}
	EndGlobalSection
EndGlobal
