
Microsoft Visual Studio Solution File, Format Version 12.00
# Visual Studio Version 17
VisualStudioVersion = 17.8.34322.80
MinimumVisualStudioVersion = 10.0.40219.1
Project("{FAE04EC0-301F-11D3-BF4B-00C04F79EFBC}") = "Seminar4", "Seminar4.csproj", "{2BC5F635-6ED3-4282-A9FE-4DCF185B728F}"
EndProject
Global
	GlobalSection(SolutionConfigurationPlatforms) = preSolution
		Debug|Any CPU = Debug|Any CPU
		Release|Any CPU = Release|Any CPU
	EndGlobalSection
	GlobalSection(ProjectConfigurationPlatforms) = postSolution
		{2BC5F635-6ED3-4282-A9FE-4DCF185B728F}.Debug|Any CPU.ActiveCfg = Debug|Any CPU
		{2BC5F635-6ED3-4282-A9FE-4DCF185B728F}.Debug|Any CPU.Build.0 = Debug|Any CPU
		{2BC5F635-6ED3-4282-A9FE-4DCF185B728F}.Release|Any CPU.ActiveCfg = Release|Any CPU
		{2BC5F635-6ED3-4282-A9FE-4DCF185B728F}.Release|Any CPU.Build.0 = Release|Any CPU
	EndGlobalSection
	GlobalSection(SolutionProperties) = preSolution
		HideSolutionNode = FALSE
	EndGlobalSection
	GlobalSection(ExtensibilityGlobals) = postSolution
		SolutionGuid = {AA735271-88A4-46C8-829F-1CBE667F68B2}
	EndGlobalSection
EndGlobal
