
Microsoft Visual Studio Solution File, Format Version 12.00
# Visual Studio Version 17
VisualStudioVersion = 17.9.34728.123
MinimumVisualStudioVersion = 10.0.40219.1
Project("{FAE04EC0-301F-11D3-BF4B-00C04F79EFBC}") = "Curs11_MDI", "Curs11_MDI.csproj", "{4FB9DE72-F800-4402-8473-FAB5636D8DAA}"
EndProject
Global
	GlobalSection(SolutionConfigurationPlatforms) = preSolution
		Debug|Any CPU = Debug|Any CPU
		Release|Any CPU = Release|Any CPU
	EndGlobalSection
	GlobalSection(ProjectConfigurationPlatforms) = postSolution
		{4FB9DE72-F800-4402-8473-FAB5636D8DAA}.Debug|Any CPU.ActiveCfg = Debug|Any CPU
		{4FB9DE72-F800-4402-8473-FAB5636D8DAA}.Debug|Any CPU.Build.0 = Debug|Any CPU
		{4FB9DE72-F800-4402-8473-FAB5636D8DAA}.Release|Any CPU.ActiveCfg = Release|Any CPU
		{4FB9DE72-F800-4402-8473-FAB5636D8DAA}.Release|Any CPU.Build.0 = Release|Any CPU
	EndGlobalSection
	GlobalSection(SolutionProperties) = preSolution
		HideSolutionNode = FALSE
	EndGlobalSection
	GlobalSection(ExtensibilityGlobals) = postSolution
		SolutionGuid = {03BC5A7D-326F-4097-8E20-C33BF60E972C}
	EndGlobalSection
EndGlobal
